
Microsoft Visual Studio Solution File, Format Version 12.00
# Visual Studio 15
VisualStudioVersion = 15.0.27130.2010
MinimumVisualStudioVersion = 10.0.40219.1
Project("{FAE04EC0-301F-11D3-BF4B-00C04F79EFBC}") = "WebApplication1", "WebApplication1\WebApplication1.csproj", "{22780A0A-1B48-424F-B3C7-F0ABC8A4B5C5}"
EndProject
Global
	GlobalSection(SolutionConfigurationPlatforms) = preSolution
		Debug|Any CPU = Debug|Any CPU
		Release|Any CPU = Release|Any CPU
	EndGlobalSection
	GlobalSection(ProjectConfigurationPlatforms) = postSolution
		{22780A0A-1B48-424F-B3C7-F0ABC8A4B5C5}.Debug|Any CPU.ActiveCfg = Debug|Any CPU
		{22780A0A-1B48-424F-B3C7-F0ABC8A4B5C5}.Debug|Any CPU.Build.0 = Debug|Any CPU
		{22780A0A-1B48-424F-B3C7-F0ABC8A4B5C5}.Release|Any CPU.ActiveCfg = Release|Any CPU
		{22780A0A-1B48-424F-B3C7-F0ABC8A4B5C5}.Release|Any CPU.Build.0 = Release|Any CPU
	EndGlobalSection
	GlobalSection(SolutionProperties) = preSolution
		HideSolutionNode = FALSE
	EndGlobalSection
	GlobalSection(ExtensibilityGlobals) = postSolution
		SolutionGuid = {0CBF8D30-19ED-4FDA-8317-9CCD87EB904B}
	EndGlobalSection
EndGlobal
